
Microsoft Visual Studio Solution File, Format Version 11.00
# Visual Studio 2010
Project("{FAE04EC0-301F-11D3-BF4B-00C04F79EFBC}") = "XNInterface", "XNInterface\XNInterface.csproj", "{3C6AB251-1425-4696-9E5E-FBF78CEE460A}"
EndProject
Project("{FAE04EC0-301F-11D3-BF4B-00C04F79EFBC}") = "XNInterfaceCompilerLib", "XNInterfaceCompilerLib\XNInterfaceCompilerLib.csproj", "{492B4FE6-BE4A-488B-896E-27FE34ACE97F}"
EndProject
Project("{FAE04EC0-301F-11D3-BF4B-00C04F79EFBC}") = "XNInterfaceImporters", "XNInterfaceImporters\XNInterfaceImporters.csproj", "{268AF975-D34A-44FB-8459-A837898BB327}"
EndProject
Project("{FAE04EC0-301F-11D3-BF4B-00C04F79EFBC}") = "XNInterfaceTest", "XNInterfaceTest\XNInterfaceTest\XNInterfaceTest.csproj", "{1F7C5A10-A6AE-46D0-B01A-065B27261B84}"
EndProject
Project("{FAE04EC0-301F-11D3-BF4B-00C04F79EFBC}") = "XNInterfaceTestContent", "XNInterfaceTest\XNInterfaceTestContent\XNInterfaceTestContent.contentproj", "{1A3B7901-3C60-4DEB-A334-D9DD9A4A5A53}"
EndProject
Project("{2150E333-8FDC-42A3-9474-1A3956D46DE8}") = "Content Pipeline", "Content Pipeline", "{9331A775-FCF1-4D7C-AAC1-494201A9AD7D}"
EndProject
Project("{2150E333-8FDC-42A3-9474-1A3956D46DE8}") = "Windows", "Windows", "{C9D7C01D-1A0C-4A43-A653-2A9EC8EA77B3}"
EndProject
Project("{FAE04EC0-301F-11D3-BF4B-00C04F79EFBC}") = "XNInterface WP7.0", "XNInterface\XNInterface WP7.0.csproj", "{53B5899E-0038-4734-9E67-4B8A20324381}"
EndProject
Project("{FAE04EC0-301F-11D3-BF4B-00C04F79EFBC}") = "XNInterfaceTest WP7.0", "XNInterfaceTest\XNInterfaceTest\XNInterfaceTest WP7.0.csproj", "{240204AE-F8A9-4737-A37B-B7B7D83BD0B5}"
EndProject
Project("{2150E333-8FDC-42A3-9474-1A3956D46DE8}") = "WP7.0", "WP7.0", "{7C9E9967-3546-44A2-B60B-575CDEF81A8C}"
EndProject
Project("{2150E333-8FDC-42A3-9474-1A3956D46DE8}") = "Common", "Common", "{97742569-47DC-4173-8CD2-0248955722B5}"
EndProject
Global
	GlobalSection(SolutionConfigurationPlatforms) = preSolution
		Debug|Mixed Platforms = Debug|Mixed Platforms
		Debug|Windows Phone = Debug|Windows Phone
		Debug|x86 = Debug|x86
		Release|Mixed Platforms = Release|Mixed Platforms
		Release|Windows Phone = Release|Windows Phone
		Release|x86 = Release|x86
	EndGlobalSection
	GlobalSection(ProjectConfigurationPlatforms) = postSolution
		{3C6AB251-1425-4696-9E5E-FBF78CEE460A}.Debug|Mixed Platforms.ActiveCfg = Debug|x86
		{3C6AB251-1425-4696-9E5E-FBF78CEE460A}.Debug|Mixed Platforms.Build.0 = Debug|x86
		{3C6AB251-1425-4696-9E5E-FBF78CEE460A}.Debug|Windows Phone.ActiveCfg = Debug|x86
		{3C6AB251-1425-4696-9E5E-FBF78CEE460A}.Debug|Windows Phone.Build.0 = Debug|x86
		{3C6AB251-1425-4696-9E5E-FBF78CEE460A}.Debug|x86.ActiveCfg = Debug|x86
		{3C6AB251-1425-4696-9E5E-FBF78CEE460A}.Debug|x86.Build.0 = Debug|x86
		{3C6AB251-1425-4696-9E5E-FBF78CEE460A}.Release|Mixed Platforms.ActiveCfg = Release|x86
		{3C6AB251-1425-4696-9E5E-FBF78CEE460A}.Release|Mixed Platforms.Build.0 = Release|x86
		{3C6AB251-1425-4696-9E5E-FBF78CEE460A}.Release|Windows Phone.ActiveCfg = Release|x86
		{3C6AB251-1425-4696-9E5E-FBF78CEE460A}.Release|Windows Phone.Build.0 = Release|x86
		{3C6AB251-1425-4696-9E5E-FBF78CEE460A}.Release|x86.ActiveCfg = Release|x86
		{3C6AB251-1425-4696-9E5E-FBF78CEE460A}.Release|x86.Build.0 = Release|x86
		{492B4FE6-BE4A-488B-896E-27FE34ACE97F}.Debug|Mixed Platforms.ActiveCfg = Debug|x86
		{492B4FE6-BE4A-488B-896E-27FE34ACE97F}.Debug|Mixed Platforms.Build.0 = Debug|x86
		{492B4FE6-BE4A-488B-896E-27FE34ACE97F}.Debug|Windows Phone.ActiveCfg = Debug|x86
		{492B4FE6-BE4A-488B-896E-27FE34ACE97F}.Debug|Windows Phone.Build.0 = Debug|x86
		{492B4FE6-BE4A-488B-896E-27FE34ACE97F}.Debug|x86.ActiveCfg = Debug|x86
		{492B4FE6-BE4A-488B-896E-27FE34ACE97F}.Debug|x86.Build.0 = Debug|x86
		{492B4FE6-BE4A-488B-896E-27FE34ACE97F}.Release|Mixed Platforms.ActiveCfg = Release|x86
		{492B4FE6-BE4A-488B-896E-27FE34ACE97F}.Release|Mixed Platforms.Build.0 = Release|x86
		{492B4FE6-BE4A-488B-896E-27FE34ACE97F}.Release|Windows Phone.ActiveCfg = Release|x86
		{492B4FE6-BE4A-488B-896E-27FE34ACE97F}.Release|Windows Phone.Build.0 = Release|x86
		{492B4FE6-BE4A-488B-896E-27FE34ACE97F}.Release|x86.ActiveCfg = Release|x86
		{492B4FE6-BE4A-488B-896E-27FE34ACE97F}.Release|x86.Build.0 = Release|x86
		{268AF975-D34A-44FB-8459-A837898BB327}.Debug|Mixed Platforms.ActiveCfg = Debug|x86
		{268AF975-D34A-44FB-8459-A837898BB327}.Debug|Mixed Platforms.Build.0 = Debug|x86
		{268AF975-D34A-44FB-8459-A837898BB327}.Debug|Windows Phone.ActiveCfg = Debug|x86
		{268AF975-D34A-44FB-8459-A837898BB327}.Debug|Windows Phone.Build.0 = Debug|x86
		{268AF975-D34A-44FB-8459-A837898BB327}.Debug|x86.ActiveCfg = Debug|x86
		{268AF975-D34A-44FB-8459-A837898BB327}.Debug|x86.Build.0 = Debug|x86
		{268AF975-D34A-44FB-8459-A837898BB327}.Release|Mixed Platforms.ActiveCfg = Release|x86
		{268AF975-D34A-44FB-8459-A837898BB327}.Release|Mixed Platforms.Build.0 = Release|x86
		{268AF975-D34A-44FB-8459-A837898BB327}.Release|Windows Phone.ActiveCfg = Release|x86
		{268AF975-D34A-44FB-8459-A837898BB327}.Release|Windows Phone.Build.0 = Release|x86
		{268AF975-D34A-44FB-8459-A837898BB327}.Release|x86.ActiveCfg = Release|x86
		{268AF975-D34A-44FB-8459-A837898BB327}.Release|x86.Build.0 = Release|x86
		{1F7C5A10-A6AE-46D0-B01A-065B27261B84}.Debug|Mixed Platforms.ActiveCfg = Debug|x86
		{1F7C5A10-A6AE-46D0-B01A-065B27261B84}.Debug|Mixed Platforms.Build.0 = Debug|x86
		{1F7C5A10-A6AE-46D0-B01A-065B27261B84}.Debug|Windows Phone.ActiveCfg = Debug|x86
		{1F7C5A10-A6AE-46D0-B01A-065B27261B84}.Debug|Windows Phone.Build.0 = Debug|x86
		{1F7C5A10-A6AE-46D0-B01A-065B27261B84}.Debug|x86.ActiveCfg = Debug|x86
		{1F7C5A10-A6AE-46D0-B01A-065B27261B84}.Debug|x86.Build.0 = Debug|x86
		{1F7C5A10-A6AE-46D0-B01A-065B27261B84}.Release|Mixed Platforms.ActiveCfg = Release|x86
		{1F7C5A10-A6AE-46D0-B01A-065B27261B84}.Release|Mixed Platforms.Build.0 = Release|x86
		{1F7C5A10-A6AE-46D0-B01A-065B27261B84}.Release|Windows Phone.ActiveCfg = Release|x86
		{1F7C5A10-A6AE-46D0-B01A-065B27261B84}.Release|Windows Phone.Build.0 = Release|x86
		{1F7C5A10-A6AE-46D0-B01A-065B27261B84}.Release|x86.ActiveCfg = Release|x86
		{1F7C5A10-A6AE-46D0-B01A-065B27261B84}.Release|x86.Build.0 = Release|x86
		{1A3B7901-3C60-4DEB-A334-D9DD9A4A5A53}.Debug|Mixed Platforms.ActiveCfg = Debug|x86
		{1A3B7901-3C60-4DEB-A334-D9DD9A4A5A53}.Debug|Windows Phone.ActiveCfg = Debug|x86
		{1A3B7901-3C60-4DEB-A334-D9DD9A4A5A53}.Debug|x86.ActiveCfg = Debug|x86
		{1A3B7901-3C60-4DEB-A334-D9DD9A4A5A53}.Release|Mixed Platforms.ActiveCfg = Release|x86
		{1A3B7901-3C60-4DEB-A334-D9DD9A4A5A53}.Release|Windows Phone.ActiveCfg = Release|x86
		{1A3B7901-3C60-4DEB-A334-D9DD9A4A5A53}.Release|x86.ActiveCfg = Release|x86
		{53B5899E-0038-4734-9E67-4B8A20324381}.Debug|Mixed Platforms.ActiveCfg = Debug|Windows Phone
		{53B5899E-0038-4734-9E67-4B8A20324381}.Debug|Mixed Platforms.Build.0 = Debug|Windows Phone
		{53B5899E-0038-4734-9E67-4B8A20324381}.Debug|Windows Phone.ActiveCfg = Debug|Windows Phone
		{53B5899E-0038-4734-9E67-4B8A20324381}.Debug|Windows Phone.Build.0 = Debug|Windows Phone
		{53B5899E-0038-4734-9E67-4B8A20324381}.Debug|x86.ActiveCfg = Debug|Windows Phone
		{53B5899E-0038-4734-9E67-4B8A20324381}.Debug|x86.Build.0 = Debug|Windows Phone
		{53B5899E-0038-4734-9E67-4B8A20324381}.Release|Mixed Platforms.ActiveCfg = Release|Windows Phone
		{53B5899E-0038-4734-9E67-4B8A20324381}.Release|Mixed Platforms.Build.0 = Release|Windows Phone
		{53B5899E-0038-4734-9E67-4B8A20324381}.Release|Windows Phone.ActiveCfg = Release|Windows Phone
		{53B5899E-0038-4734-9E67-4B8A20324381}.Release|Windows Phone.Build.0 = Release|Windows Phone
		{53B5899E-0038-4734-9E67-4B8A20324381}.Release|x86.ActiveCfg = Release|Windows Phone
		{53B5899E-0038-4734-9E67-4B8A20324381}.Release|x86.Build.0 = Release|Windows Phone
		{240204AE-F8A9-4737-A37B-B7B7D83BD0B5}.Debug|Mixed Platforms.ActiveCfg = Debug|Windows Phone
		{240204AE-F8A9-4737-A37B-B7B7D83BD0B5}.Debug|Mixed Platforms.Build.0 = Debug|Windows Phone
		{240204AE-F8A9-4737-A37B-B7B7D83BD0B5}.Debug|Mixed Platforms.Deploy.0 = Debug|Windows Phone
		{240204AE-F8A9-4737-A37B-B7B7D83BD0B5}.Debug|Windows Phone.ActiveCfg = Debug|Windows Phone
		{240204AE-F8A9-4737-A37B-B7B7D83BD0B5}.Debug|Windows Phone.Build.0 = Debug|Windows Phone
		{240204AE-F8A9-4737-A37B-B7B7D83BD0B5}.Debug|Windows Phone.Deploy.0 = Debug|Windows Phone
		{240204AE-F8A9-4737-A37B-B7B7D83BD0B5}.Debug|x86.ActiveCfg = Debug|Windows Phone
		{240204AE-F8A9-4737-A37B-B7B7D83BD0B5}.Debug|x86.Build.0 = Debug|Windows Phone
		{240204AE-F8A9-4737-A37B-B7B7D83BD0B5}.Release|Mixed Platforms.ActiveCfg = Release|Windows Phone
		{240204AE-F8A9-4737-A37B-B7B7D83BD0B5}.Release|Mixed Platforms.Build.0 = Release|Windows Phone
		{240204AE-F8A9-4737-A37B-B7B7D83BD0B5}.Release|Mixed Platforms.Deploy.0 = Release|Windows Phone
		{240204AE-F8A9-4737-A37B-B7B7D83BD0B5}.Release|Windows Phone.ActiveCfg = Release|Windows Phone
		{240204AE-F8A9-4737-A37B-B7B7D83BD0B5}.Release|Windows Phone.Build.0 = Release|Windows Phone
		{240204AE-F8A9-4737-A37B-B7B7D83BD0B5}.Release|Windows Phone.Deploy.0 = Release|Windows Phone
		{240204AE-F8A9-4737-A37B-B7B7D83BD0B5}.Release|x86.ActiveCfg = Release|Windows Phone
		{240204AE-F8A9-4737-A37B-B7B7D83BD0B5}.Release|x86.Build.0 = Release|Windows Phone
	EndGlobalSection
	GlobalSection(SolutionProperties) = preSolution
		HideSolutionNode = FALSE
	EndGlobalSection
	GlobalSection(NestedProjects) = preSolution
		{1F7C5A10-A6AE-46D0-B01A-065B27261B84} = {C9D7C01D-1A0C-4A43-A653-2A9EC8EA77B3}
		{3C6AB251-1425-4696-9E5E-FBF78CEE460A} = {C9D7C01D-1A0C-4A43-A653-2A9EC8EA77B3}
		{268AF975-D34A-44FB-8459-A837898BB327} = {9331A775-FCF1-4D7C-AAC1-494201A9AD7D}
		{492B4FE6-BE4A-488B-896E-27FE34ACE97F} = {9331A775-FCF1-4D7C-AAC1-494201A9AD7D}
		{1A3B7901-3C60-4DEB-A334-D9DD9A4A5A53} = {97742569-47DC-4173-8CD2-0248955722B5}
		{240204AE-F8A9-4737-A37B-B7B7D83BD0B5} = {7C9E9967-3546-44A2-B60B-575CDEF81A8C}
		{53B5899E-0038-4734-9E67-4B8A20324381} = {7C9E9967-3546-44A2-B60B-575CDEF81A8C}
	EndGlobalSection
EndGlobal
